// !$*UTF8*$!
{
	archiveVersion = 1;
	classes = {
	};
	objectVersion = 55;
	objects = {

/* Begin PBXBuildFile section */
		369CED0A2832E5A6003BA68D /* AppDelegate.swift in Sources */ = {isa = PBXBuildFile; fileRef = 369CED092832E5A6003BA68D /* AppDelegate.swift */; };
		369CED0C2832E5A6003BA68D /* SceneDelegate.swift in Sources */ = {isa = PBXBuildFile; fileRef = 369CED0B2832E5A6003BA68D /* SceneDelegate.swift */; };
		369CED0E2832E5A6003BA68D /* ViewController.swift in Sources */ = {isa = PBXBuildFile; fileRef = 369CED0D2832E5A6003BA68D /* ViewController.swift */; };
		369CED112832E5A6003BA68D /* Main.storyboard in Resources */ = {isa = PBXBuildFile; fileRef = 369CED0F2832E5A6003BA68D /* Main.storyboard */; };
		369CED132832E5AA003BA68D /* Assets.xcassets in Resources */ = {isa = PBXBuildFile; fileRef = 369CED122832E5AA003BA68D /* Assets.xcassets */; };
		369CED162832E5AA003BA68D /* LaunchScreen.storyboard in Resources */ = {isa = PBXBuildFile; fileRef = 369CED142832E5AA003BA68D /* LaunchScreen.storyboard */; };
		74E19FE45C17215D464B3582 /* Pods_Proj.framework in Frameworks */ = {isa = PBXBuildFile; fileRef = 328556A843B613C190CE5E96 /* Pods_Proj.framework */; };
/* End PBXBuildFile section */

/* Begin PBXFileReference section */
		328556A843B613C190CE5E96 /* Pods_Proj.framework */ = {isa = PBXFileReference; explicitFileType = wrapper.framework; includeInIndex = 0; path = Pods_Proj.framework; sourceTree = BUILT_PRODUCTS_DIR; };
		369CED062832E5A6003BA68D /* Proj.app */ = {isa = PBXFileReference; explicitFileType = wrapper.application; includeInIndex = 0; path = Proj.app; sourceTree = BUILT_PRODUCTS_DIR; };
		369CED092832E5A6003BA68D /* AppDelegate.swift */ = {isa = PBXFileReference; lastKnownFileType = sourcecode.swift; path = AppDelegate.swift; sourceTree = "<group>"; };
		369CED0B2832E5A6003BA68D /* SceneDelegate.swift */ = {isa = PBXFileReference; lastKnownFileType = sourcecode.swift; path = SceneDelegate.swift; sourceTree = "<group>"; };
		369CED0D2832E5A6003BA68D /* ViewController.swift */ = {isa = PBXFileReference; lastKnownFileType = sourcecode.swift; path = ViewController.swift; sourceTree = "<group>"; };
		369CED102832E5A6003BA68D /* Base */ = {isa = PBXFileReference; lastKnownFileType = file.storyboard; name = Base; path = Base.lproj/Main.storyboard; sourceTree = "<group>"; };
		369CED122832E5AA003BA68D /* Assets.xcassets */ = {isa = PBXFileReference; lastKnownFileType = folder.assetcatalog; path = Assets.xcassets; sourceTree = "<group>"; };
		369CED152832E5AA003BA68D /* Base */ = {isa = PBXFileReference; lastKnownFileType = file.storyboard; name = Base; path = Base.lproj/LaunchScreen.storyboard; sourceTree = "<group>"; };
		369CED172832E5AA003BA68D /* Info.plist */ = {isa = PBXFileReference; lastKnownFileType = text.plist.xml; path = Info.plist; sourceTree = "<group>"; };
		777D8B571AFF5683F0D8C8F4 /* Pods-Proj.debug.xcconfig */ = {isa = PBXFileReference; includeInIndex = 1; lastKnownFileType = text.xcconfig; name = "Pods-Proj.debug.xcconfig"; path = "Target Support Files/Pods-Proj/Pods-Proj.debug.xcconfig"; sourceTree = "<group>"; };
		B17468C794740464255B50F3 /* Pods-Proj.release.xcconfig */ = {isa = PBXFileReference; includeInIndex = 1; lastKnownFileType = text.xcconfig; name = "Pods-Proj.release.xcconfig"; path = "Target Support Files/Pods-Proj/Pods-Proj.release.xcconfig"; sourceTree = "<group>"; };
/* End PBXFileReference section */

/* Begin PBXFrameworksBuildPhase section */
		369CED032832E5A6003BA68D /* Frameworks */ = {
			isa = PBXFrameworksBuildPhase;
			buildActionMask = 2147483647;
			files = (
				74E19FE45C17215D464B3582 /* Pods_Proj.framework in Frameworks */,
			);
			runOnlyForDeploymentPostprocessing = 0;
		};
/* End PBXFrameworksBuildPhase section */

/* Begin PBXGroup section */
		369CECFD2832E5A6003BA68D = {
			isa = PBXGroup;
			children = (
				369CED082832E5A6003BA68D /* Proj */,
				369CED072832E5A6003BA68D /* Products */,
				9BB228F4644206772CA40410 /* Pods */,
				83AB212C97F3C19AB949E2E3 /* Frameworks */,
			);
			sourceTree = "<group>";
		};
		369CED072832E5A6003BA68D /* Products */ = {
			isa = PBXGroup;
			children = (
				369CED062832E5A6003BA68D /* Proj.app */,
			);
			name = Products;
			sourceTree = "<group>";
		};
		369CED082832E5A6003BA68D /* Proj */ = {
			isa = PBXGroup;
			children = (
				369CED092832E5A6003BA68D /* AppDelegate.swift */,
				369CED0B2832E5A6003BA68D /* SceneDelegate.swift */,
				369CED0D2832E5A6003BA68D /* ViewController.swift */,
				369CED0F2832E5A6003BA68D /* Main.storyboard */,
				369CED122832E5AA003BA68D /* Assets.xcassets */,
				369CED142832E5AA003BA68D /* LaunchScreen.storyboard */,
				369CED172832E5AA003BA68D /* Info.plist */,
			);
			path = Proj;
			sourceTree = "<group>";
		};
		83AB212C97F3C19AB949E2E3 /* Frameworks */ = {
			isa = PBXGroup;
			children = (
				328556A843B613C190CE5E96 /* Pods_Proj.framework */,
			);
			name = Frameworks;
			sourceTree = "<group>";
		};
		9BB228F4644206772CA40410 /* Pods */ = {
			isa = PBXGroup;
			children = (
				777D8B571AFF5683F0D8C8F4 /* Pods-Proj.debug.xcconfig */,
				B17468C794740464255B50F3 /* Pods-Proj.release.xcconfig */,
			);
			name = Pods;
			path = Pods;
			sourceTree = "<group>";
		};
/* End PBXGroup section */

/* Begin PBXNativeTarget section */
		369CED052832E5A6003BA68D /* Proj */ = {
			isa = PBXNativeTarget;
			buildConfigurationList = 369CED1A2832E5AA003BA68D /* Build configuration list for PBXNativeTarget "Proj" */;
			buildPhases = (
				7C8C39B36D2F82CC3DB70567 /* [CP] Check Pods Manifest.lock */,
				369CED022832E5A6003BA68D /* Sources */,
				369CED032832E5A6003BA68D /* Frameworks */,
				369CED042832E5A6003BA68D /* Resources */,
				B13BC5092E1718CBBA08B5DC /* [XCRC] Postbuild Proj */,
				CA4BDD87F1C1F0D19E0A6652 /* [XCRC] Mark */,
				4982BA8AF5023294C4FF117E /* [CP] Embed Pods Frameworks */,
			);
			buildRules = (
			);
			dependencies = (
			);
			name = Proj;
			productName = Proj;
			productReference = 369CED062832E5A6003BA68D /* Proj.app */;
			productType = "com.apple.product-type.application";
		};
/* End PBXNativeTarget section */

/* Begin PBXProject section */
		369CECFE2832E5A6003BA68D /* Project object */ = {
			isa = PBXProject;
			attributes = {
				BuildIndependentTargetsInParallel = 1;
				LastSwiftUpdateCheck = 1320;
				LastUpgradeCheck = 1320;
				TargetAttributes = {
					369CED052832E5A6003BA68D = {
						CreatedOnToolsVersion = 13.2.1;
					};
				};
			};
			buildConfigurationList = 369CED012832E5A6003BA68D /* Build configuration list for PBXProject "Proj" */;
			compatibilityVersion = "Xcode 13.0";
			developmentRegion = en;
			hasScannedForEncodings = 0;
			knownRegions = (
				en,
				Base,
			);
			mainGroup = 369CECFD2832E5A6003BA68D;
			productRefGroup = 369CED072832E5A6003BA68D /* Products */;
			projectDirPath = "";
			projectRoot = "";
			targets = (
				369CED052832E5A6003BA68D /* Proj */,
			);
		};
/* End PBXProject section */

/* Begin PBXResourcesBuildPhase section */
		369CED042832E5A6003BA68D /* Resources */ = {
			isa = PBXResourcesBuildPhase;
			buildActionMask = 2147483647;
			files = (
				369CED162832E5AA003BA68D /* LaunchScreen.storyboard in Resources */,
				369CED132832E5AA003BA68D /* Assets.xcassets in Resources */,
				369CED112832E5A6003BA68D /* Main.storyboard in Resources */,
			);
			runOnlyForDeploymentPostprocessing = 0;
		};
/* End PBXResourcesBuildPhase section */

/* Begin PBXShellScriptBuildPhase section */
		4982BA8AF5023294C4FF117E /* [CP] Embed Pods Frameworks */ = {
			isa = PBXShellScriptBuildPhase;
			buildActionMask = 2147483647;
			files = (
			);
			inputFileListPaths = (
				"${PODS_ROOT}/Target Support Files/Pods-Proj/Pods-Proj-frameworks-${CONFIGURATION}-input-files.xcfilelist",
			);
			name = "[CP] Embed Pods Frameworks";
			outputFileListPaths = (
				"${PODS_ROOT}/Target Support Files/Pods-Proj/Pods-Proj-frameworks-${CONFIGURATION}-output-files.xcfilelist",
			);
			runOnlyForDeploymentPostprocessing = 0;
			shellPath = /bin/sh;
			shellScript = "\"${PODS_ROOT}/Target Support Files/Pods-Proj/Pods-Proj-frameworks.sh\"\n";
			showEnvVarsInLog = 0;
		};
		7C8C39B36D2F82CC3DB70567 /* [CP] Check Pods Manifest.lock */ = {
			isa = PBXShellScriptBuildPhase;
			buildActionMask = 2147483647;
			files = (
			);
			inputFileListPaths = (
			);
			inputPaths = (
				"${PODS_PODFILE_DIR_PATH}/Podfile.lock",
				"${PODS_ROOT}/Manifest.lock",
			);
			name = "[CP] Check Pods Manifest.lock";
			outputFileListPaths = (
			);
			outputPaths = (
				"$(DERIVED_FILE_DIR)/Pods-Proj-checkManifestLockResult.txt",
			);
			runOnlyForDeploymentPostprocessing = 0;
			shellPath = /bin/sh;
			shellScript = "diff \"${PODS_PODFILE_DIR_PATH}/Podfile.lock\" \"${PODS_ROOT}/Manifest.lock\" > /dev/null\nif [ $? != 0 ] ; then\n    # print error to STDERR\n    echo \"error: The sandbox is not in sync with the Podfile.lock. Run 'pod install' or update your CocoaPods installation.\" >&2\n    exit 1\nfi\n# This output is used by Xcode 'outputs' to avoid re-running this script phase.\necho \"SUCCESS\" > \"${SCRIPT_OUTPUT_FILE_0}\"\n";
			showEnvVarsInLog = 0;
		};
		B13BC5092E1718CBBA08B5DC /* [XCRC] Postbuild Proj */ = {
			isa = PBXShellScriptBuildPhase;
			buildActionMask = 2147483647;
			dependencyFile = "$(TARGET_TEMP_DIR)/postbuild.d";
			files = (
			);
			inputFileListPaths = (
			);
			inputPaths = (
				"$SRCROOT/XCRC/xcpostbuild",
			);
			name = "[XCRC] Postbuild Proj";
			outputFileListPaths = (
			);
			outputPaths = (
				"$(TARGET_BUILD_DIR)/$(MODULES_FOLDER_PATH)/$(PRODUCT_MODULE_NAME).swiftmodule/$(XCRC_PLATFORM_PREFERRED_ARCH).swiftmodule.md5",
				"$(TARGET_BUILD_DIR)/$(MODULES_FOLDER_PATH)/$(PRODUCT_MODULE_NAME).swiftmodule/$(XCRC_PLATFORM_PREFERRED_ARCH)-$(LLVM_TARGET_TRIPLE_VENDOR)-$(SWIFT_PLATFORM_TARGET_PREFIX)$(LLVM_TARGET_TRIPLE_SUFFIX).swiftmodule.md5",
			);
			runOnlyForDeploymentPostprocessing = 0;
			shellPath = /bin/sh;
			shellScript = "\"$SCRIPT_INPUT_FILE_0\"";
		};
		CA4BDD87F1C1F0D19E0A6652 /* [XCRC] Mark */ = {
			isa = PBXShellScriptBuildPhase;
			buildActionMask = 2147483647;
			files = (
			);
			inputFileListPaths = (
			);
			inputPaths = (
				"$SRCROOT/XCRC/xcprepare",
			);
			name = "[XCRC] Mark";
			outputFileListPaths = (
			);
			outputPaths = (
			);
			runOnlyForDeploymentPostprocessing = 0;
			shellPath = /bin/sh;
			shellScript = "\"$SCRIPT_INPUT_FILE_0\" mark --configuration \"$CONFIGURATION\" --platform $PLATFORM_NAME";
		};
/* End PBXShellScriptBuildPhase section */

/* Begin PBXSourcesBuildPhase section */
		369CED022832E5A6003BA68D /* Sources */ = {
			isa = PBXSourcesBuildPhase;
			buildActionMask = 2147483647;
			files = (
				369CED0E2832E5A6003BA68D /* ViewController.swift in Sources */,
				369CED0A2832E5A6003BA68D /* AppDelegate.swift in Sources */,
				369CED0C2832E5A6003BA68D /* SceneDelegate.swift in Sources */,
			);
			runOnlyForDeploymentPostprocessing = 0;
		};
/* End PBXSourcesBuildPhase section */

/* Begin PBXVariantGroup section */
		369CED0F2832E5A6003BA68D /* Main.storyboard */ = {
			isa = PBXVariantGroup;
			children = (
				369CED102832E5A6003BA68D /* Base */,
			);
			name = Main.storyboard;
			sourceTree = "<group>";
		};
		369CED142832E5AA003BA68D /* LaunchScreen.storyboard */ = {
			isa = PBXVariantGroup;
			children = (
				369CED152832E5AA003BA68D /* Base */,
			);
			name = LaunchScreen.storyboard;
			sourceTree = "<group>";
		};
/* End PBXVariantGroup section */

/* Begin XCBuildConfiguration section */
		369CED182832E5AA003BA68D /* Debug */ = {
			isa = XCBuildConfiguration;
			buildSettings = {
				ALWAYS_SEARCH_USER_PATHS = NO;
				CLANG_ANALYZER_NONNULL = YES;
				CLANG_ANALYZER_NUMBER_OBJECT_CONVERSION = YES_AGGRESSIVE;
				CLANG_CXX_LANGUAGE_STANDARD = "gnu++17";
				CLANG_CXX_LIBRARY = "libc++";
				CLANG_ENABLE_MODULES = YES;
				CLANG_ENABLE_OBJC_ARC = YES;
				CLANG_ENABLE_OBJC_WEAK = YES;
				CLANG_WARN_BLOCK_CAPTURE_AUTORELEASING = YES;
				CLANG_WARN_BOOL_CONVERSION = YES;
				CLANG_WARN_COMMA = YES;
				CLANG_WARN_CONSTANT_CONVERSION = YES;
				CLANG_WARN_DEPRECATED_OBJC_IMPLEMENTATIONS = YES;
				CLANG_WARN_DIRECT_OBJC_ISA_USAGE = YES_ERROR;
				CLANG_WARN_DOCUMENTATION_COMMENTS = YES;
				CLANG_WARN_EMPTY_BODY = YES;
				CLANG_WARN_ENUM_CONVERSION = YES;
				CLANG_WARN_INFINITE_RECURSION = YES;
				CLANG_WARN_INT_CONVERSION = YES;
				CLANG_WARN_NON_LITERAL_NULL_CONVERSION = YES;
				CLANG_WARN_OBJC_IMPLICIT_RETAIN_SELF = YES;
				CLANG_WARN_OBJC_LITERAL_CONVERSION = YES;
				CLANG_WARN_OBJC_ROOT_CLASS = YES_ERROR;
				CLANG_WARN_QUOTED_INCLUDE_IN_FRAMEWORK_HEADER = YES;
				CLANG_WARN_RANGE_LOOP_ANALYSIS = YES;
				CLANG_WARN_STRICT_PROTOTYPES = YES;
				CLANG_WARN_SUSPICIOUS_MOVE = YES;
				CLANG_WARN_UNGUARDED_AVAILABILITY = YES_AGGRESSIVE;
				CLANG_WARN_UNREACHABLE_CODE = YES;
				CLANG_WARN__DUPLICATE_METHOD_MATCH = YES;
				COPY_PHASE_STRIP = NO;
				DEBUG_INFORMATION_FORMAT = dwarf;
				ENABLE_STRICT_OBJC_MSGSEND = YES;
				ENABLE_TESTABILITY = YES;
				GCC_C_LANGUAGE_STANDARD = gnu11;
				GCC_DYNAMIC_NO_PIC = NO;
				GCC_NO_COMMON_BLOCKS = YES;
				GCC_OPTIMIZATION_LEVEL = 0;
				GCC_PREPROCESSOR_DEFINITIONS = (
					"DEBUG=1",
					"$(inherited)",
				);
				GCC_WARN_64_TO_32_BIT_CONVERSION = YES;
				GCC_WARN_ABOUT_RETURN_TYPE = YES_ERROR;
				GCC_WARN_UNDECLARED_SELECTOR = YES;
				GCC_WARN_UNINITIALIZED_AUTOS = YES_AGGRESSIVE;
				GCC_WARN_UNUSED_FUNCTION = YES;
				GCC_WARN_UNUSED_VARIABLE = YES;
				IPHONEOS_DEPLOYMENT_TARGET = 15.2;
				MTL_ENABLE_DEBUG_INFO = INCLUDE_SOURCE;
				MTL_FAST_MATH = YES;
				ONLY_ACTIVE_ARCH = YES;
				SDKROOT = iphoneos;
				SWIFT_ACTIVE_COMPILATION_CONDITIONS = DEBUG;
				SWIFT_OPTIMIZATION_LEVEL = "-Onone";
			};
			name = Debug;
		};
		369CED192832E5AA003BA68D /* Release */ = {
			isa = XCBuildConfiguration;
			buildSettings = {
				ALWAYS_SEARCH_USER_PATHS = NO;
				CLANG_ANALYZER_NONNULL = YES;
				CLANG_ANALYZER_NUMBER_OBJECT_CONVERSION = YES_AGGRESSIVE;
				CLANG_CXX_LANGUAGE_STANDARD = "gnu++17";
				CLANG_CXX_LIBRARY = "libc++";
				CLANG_ENABLE_MODULES = YES;
				CLANG_ENABLE_OBJC_ARC = YES;
				CLANG_ENABLE_OBJC_WEAK = YES;
				CLANG_WARN_BLOCK_CAPTURE_AUTORELEASING = YES;
				CLANG_WARN_BOOL_CONVERSION = YES;
				CLANG_WARN_COMMA = YES;
				CLANG_WARN_CONSTANT_CONVERSION = YES;
				CLANG_WARN_DEPRECATED_OBJC_IMPLEMENTATIONS = YES;
				CLANG_WARN_DIRECT_OBJC_ISA_USAGE = YES_ERROR;
				CLANG_WARN_DOCUMENTATION_COMMENTS = YES;
				CLANG_WARN_EMPTY_BODY = YES;
				CLANG_WARN_ENUM_CONVERSION = YES;
				CLANG_WARN_INFINITE_RECURSION = YES;
				CLANG_WARN_INT_CONVERSION = YES;
				CLANG_WARN_NON_LITERAL_NULL_CONVERSION = YES;
				CLANG_WARN_OBJC_IMPLICIT_RETAIN_SELF = YES;
				CLANG_WARN_OBJC_LITERAL_CONVERSION = YES;
				CLANG_WARN_OBJC_ROOT_CLASS = YES_ERROR;
				CLANG_WARN_QUOTED_INCLUDE_IN_FRAMEWORK_HEADER = YES;
				CLANG_WARN_RANGE_LOOP_ANALYSIS = YES;
				CLANG_WARN_STRICT_PROTOTYPES = YES;
				CLANG_WARN_SUSPICIOUS_MOVE = YES;
				CLANG_WARN_UNGUARDED_AVAILABILITY = YES_AGGRESSIVE;
				CLANG_WARN_UNREACHABLE_CODE = YES;
				CLANG_WARN__DUPLICATE_METHOD_MATCH = YES;
				COPY_PHASE_STRIP = NO;
				DEBUG_INFORMATION_FORMAT = "dwarf-with-dsym";
				ENABLE_NS_ASSERTIONS = NO;
				ENABLE_STRICT_OBJC_MSGSEND = YES;
				GCC_C_LANGUAGE_STANDARD = gnu11;
				GCC_NO_COMMON_BLOCKS = YES;
				GCC_WARN_64_TO_32_BIT_CONVERSION = YES;
				GCC_WARN_ABOUT_RETURN_TYPE = YES_ERROR;
				GCC_WARN_UNDECLARED_SELECTOR = YES;
				GCC_WARN_UNINITIALIZED_AUTOS = YES_AGGRESSIVE;
				GCC_WARN_UNUSED_FUNCTION = YES;
				GCC_WARN_UNUSED_VARIABLE = YES;
				IPHONEOS_DEPLOYMENT_TARGET = 15.2;
				MTL_ENABLE_DEBUG_INFO = NO;
				MTL_FAST_MATH = YES;
				SDKROOT = iphoneos;
				SWIFT_COMPILATION_MODE = wholemodule;
				SWIFT_OPTIMIZATION_LEVEL = "-O";
				VALIDATE_PRODUCT = YES;
			};
			name = Release;
		};
		369CED1B2832E5AA003BA68D /* Debug */ = {
			isa = XCBuildConfiguration;
			baseConfigurationReference = 777D8B571AFF5683F0D8C8F4 /* Pods-Proj.debug.xcconfig */;
			buildSettings = {
				ASSETCATALOG_COMPILER_APPICON_NAME = AppIcon;
				ASSETCATALOG_COMPILER_GLOBAL_ACCENT_COLOR_NAME = AccentColor;
				CODE_SIGN_STYLE = Automatic;
				CURRENT_PROJECT_VERSION = 1;
				GENERATE_INFOPLIST_FILE = YES;
				INFOPLIST_FILE = Proj/Info.plist;
				INFOPLIST_KEY_UIApplicationSupportsIndirectInputEvents = YES;
				INFOPLIST_KEY_UILaunchStoryboardName = LaunchScreen;
				INFOPLIST_KEY_UIMainStoryboardFile = Main;
				INFOPLIST_KEY_UISupportedInterfaceOrientations_iPad = "UIInterfaceOrientationPortrait UIInterfaceOrientationPortraitUpsideDown UIInterfaceOrientationLandscapeLeft UIInterfaceOrientationLandscapeRight";
				INFOPLIST_KEY_UISupportedInterfaceOrientations_iPhone = "UIInterfaceOrientationPortrait UIInterfaceOrientationLandscapeLeft UIInterfaceOrientationLandscapeRight";
				LD = "$SRCROOT/XCRC/xcld";
				LD_RUNPATH_SEARCH_PATHS = (
					"$(inherited)",
					"@executable_path/Frameworks",
				);
				LIBTOOL = "$SRCROOT/XCRC/xclibtool";
				MARKETING_VERSION = 1.0;
				OTHER_CFLAGS = (
					"$(inherited)",
					"-fdebug-prefix-map=$(SRCROOT)=$(XCREMOTE_CACHE_FAKE_SRCROOT)",
				);
				OTHER_SWIFT_FLAGS = "$(inherited) -debug-prefix-map $(SRCROOT)=$(XCREMOTE_CACHE_FAKE_SRCROOT)";
				PRODUCT_BUNDLE_IDENTIFIER = com.polaczyk.Proj;
				PRODUCT_NAME = "$(TARGET_NAME)";
				SWIFT_EMIT_LOC_STRINGS = YES;
				SWIFT_EXEC = "$SRCROOT/XCRC/xcswiftc";
				SWIFT_VERSION = 5.0;
				TARGETED_DEVICE_FAMILY = "1,2";
				XCRC_PLATFORM_PREFERRED_ARCH = "$(LINK_FILE_LIST_$(CURRENT_VARIANT)_$(PLATFORM_PREFERRED_ARCH):dir:standardizepath:file:default=arm64)";
				XCREMOTE_CACHE_FAKE_SRCROOT = /xxxxxxxxxx;
			};
			name = Debug;
		};
		369CED1C2832E5AA003BA68D /* Release */ = {
			isa = XCBuildConfiguration;
			baseConfigurationReference = B17468C794740464255B50F3 /* Pods-Proj.release.xcconfig */;
			buildSettings = {
				ASSETCATALOG_COMPILER_APPICON_NAME = AppIcon;
				ASSETCATALOG_COMPILER_GLOBAL_ACCENT_COLOR_NAME = AccentColor;
				CODE_SIGN_STYLE = Automatic;
				CURRENT_PROJECT_VERSION = 1;
				GENERATE_INFOPLIST_FILE = YES;
				INFOPLIST_FILE = Proj/Info.plist;
				INFOPLIST_KEY_UIApplicationSupportsIndirectInputEvents = YES;
				INFOPLIST_KEY_UILaunchStoryboardName = LaunchScreen;
				INFOPLIST_KEY_UIMainStoryboardFile = Main;
				INFOPLIST_KEY_UISupportedInterfaceOrientations_iPad = "UIInterfaceOrientationPortrait UIInterfaceOrientationPortraitUpsideDown UIInterfaceOrientationLandscapeLeft UIInterfaceOrientationLandscapeRight";
				INFOPLIST_KEY_UISupportedInterfaceOrientations_iPhone = "UIInterfaceOrientationPortrait UIInterfaceOrientationLandscapeLeft UIInterfaceOrientationLandscapeRight";
				LD = "$SRCROOT/XCRC/xcld";
				LD_RUNPATH_SEARCH_PATHS = (
					"$(inherited)",
					"@executable_path/Frameworks",
				);
				LIBTOOL = "$SRCROOT/XCRC/xclibtool";
				MARKETING_VERSION = 1.0;
				OTHER_CFLAGS = (
					"$(inherited)",
					"-fdebug-prefix-map=$(SRCROOT)=$(XCREMOTE_CACHE_FAKE_SRCROOT)",
				);
				OTHER_SWIFT_FLAGS = "$(inherited) -debug-prefix-map $(SRCROOT)=$(XCREMOTE_CACHE_FAKE_SRCROOT)";
				PRODUCT_BUNDLE_IDENTIFIER = com.polaczyk.Proj;
				PRODUCT_NAME = "$(TARGET_NAME)";
				SWIFT_EMIT_LOC_STRINGS = YES;
				SWIFT_EXEC = "$SRCROOT/XCRC/xcswiftc";
				SWIFT_VERSION = 5.0;
				TARGETED_DEVICE_FAMILY = "1,2";
				XCRC_PLATFORM_PREFERRED_ARCH = "$(LINK_FILE_LIST_$(CURRENT_VARIANT)_$(PLATFORM_PREFERRED_ARCH):dir:standardizepath:file:default=arm64)";
				XCREMOTE_CACHE_FAKE_SRCROOT = /xxxxxxxxxx;
			};
			name = Release;
		};
/* End XCBuildConfiguration section */

/* Begin XCConfigurationList section */
		369CED012832E5A6003BA68D /* Build configuration list for PBXProject "Proj" */ = {
			isa = XCConfigurationList;
			buildConfigurations = (
				369CED182832E5AA003BA68D /* Debug */,
				369CED192832E5AA003BA68D /* Release */,
			);
			defaultConfigurationIsVisible = 0;
			defaultConfigurationName = Release;
		};
		369CED1A2832E5AA003BA68D /* Build configuration list for PBXNativeTarget "Proj" */ = {
			isa = XCConfigurationList;
			buildConfigurations = (
				369CED1B2832E5AA003BA68D /* Debug */,
				369CED1C2832E5AA003BA68D /* Release */,
			);
			defaultConfigurationIsVisible = 0;
			defaultConfigurationName = Release;
		};
/* End XCConfigurationList section */
	};
	rootObject = 369CECFE2832E5A6003BA68D /* Project object */;
}
